
Microsoft Visual Studio Solution File, Format Version 12.00
# Visual Studio Version 17
VisualStudioVersion = 17.0.31903.59
MinimumVisualStudioVersion = 10.0.40219.1
Project("{2150E333-8FDC-42A3-9474-1A3956D46DE8}") = "src", "src", "{827E0CD3-B72D-47B6-A68D-7590B98EB39B}"
EndProject
Project("{FAE04EC0-301F-11D3-BF4B-00C04F79EFBC}") = "CourierMax.Domain", "src\CourierMax.Domain\CourierMax.Domain.csproj", "{15B1B0F7-6744-4926-BE00-15612EBFC74C}"
EndProject
Project("{FAE04EC0-301F-11D3-BF4B-00C04F79EFBC}") = "CourierMax.Application", "src\CourierMax.Application\CourierMax.Application.csproj", "{1FF2CAC4-62BB-45FB-9C6D-6EAC99648131}"
EndProject
Project("{FAE04EC0-301F-11D3-BF4B-00C04F79EFBC}") = "CourierMax.Infrastructure", "src\CourierMax.Infrastructure\CourierMax.Infrastructure.csproj", "{28F1A5CE-FF05-4EF1-8EBD-B0E153D220A2}"
EndProject
Project("{FAE04EC0-301F-11D3-BF4B-00C04F79EFBC}") = "CourierMax.API", "src\CourierMax.API\CourierMax.API.csproj", "{32E5DA7D-DA1D-445C-91FA-1A4A41D3CD42}"
EndProject
Project("{2150E333-8FDC-42A3-9474-1A3956D46DE8}") = "tests", "tests", "{0AB3BF05-4346-4AA6-1389-037BE0695223}"
EndProject
Project("{FAE04EC0-301F-11D3-BF4B-00C04F79EFBC}") = "CourierMax.UnitTests", "tests\CourierMax.UnitTests\CourierMax.UnitTests.csproj", "{000A3C0A-ADA9-4276-A46D-5CE88A01A9C8}"
EndProject
Project("{FAE04EC0-301F-11D3-BF4B-00C04F79EFBC}") = "CourierMax.IntegrationTests", "tests\CourierMax.IntegrationTests\CourierMax.IntegrationTests.csproj", "{8412D0F1-D002-438A-9B0A-9CD75393C73B}"
EndProject
Global
	GlobalSection(SolutionConfigurationPlatforms) = preSolution
		Debug|Any CPU = Debug|Any CPU
		Debug|x64 = Debug|x64
		Debug|x86 = Debug|x86
		Release|Any CPU = Release|Any CPU
		Release|x64 = Release|x64
		Release|x86 = Release|x86
	EndGlobalSection
	GlobalSection(ProjectConfigurationPlatforms) = postSolution
		{15B1B0F7-6744-4926-BE00-15612EBFC74C}.Debug|Any CPU.ActiveCfg = Debug|Any CPU
		{15B1B0F7-6744-4926-BE00-15612EBFC74C}.Debug|Any CPU.Build.0 = Debug|Any CPU
		{15B1B0F7-6744-4926-BE00-15612EBFC74C}.Debug|x64.ActiveCfg = Debug|Any CPU
		{15B1B0F7-6744-4926-BE00-15612EBFC74C}.Debug|x64.Build.0 = Debug|Any CPU
		{15B1B0F7-6744-4926-BE00-15612EBFC74C}.Debug|x86.ActiveCfg = Debug|Any CPU
		{15B1B0F7-6744-4926-BE00-15612EBFC74C}.Debug|x86.Build.0 = Debug|Any CPU
		{15B1B0F7-6744-4926-BE00-15612EBFC74C}.Release|Any CPU.ActiveCfg = Release|Any CPU
		{15B1B0F7-6744-4926-BE00-15612EBFC74C}.Release|Any CPU.Build.0 = Release|Any CPU
		{15B1B0F7-6744-4926-BE00-15612EBFC74C}.Release|x64.ActiveCfg = Release|Any CPU
		{15B1B0F7-6744-4926-BE00-15612EBFC74C}.Release|x64.Build.0 = Release|Any CPU
		{15B1B0F7-6744-4926-BE00-15612EBFC74C}.Release|x86.ActiveCfg = Release|Any CPU
		{15B1B0F7-6744-4926-BE00-15612EBFC74C}.Release|x86.Build.0 = Release|Any CPU
		{1FF2CAC4-62BB-45FB-9C6D-6EAC99648131}.Debug|Any CPU.ActiveCfg = Debug|Any CPU
		{1FF2CAC4-62BB-45FB-9C6D-6EAC99648131}.Debug|Any CPU.Build.0 = Debug|Any CPU
		{1FF2CAC4-62BB-45FB-9C6D-6EAC99648131}.Debug|x64.ActiveCfg = Debug|Any CPU
		{1FF2CAC4-62BB-45FB-9C6D-6EAC99648131}.Debug|x64.Build.0 = Debug|Any CPU
		{1FF2CAC4-62BB-45FB-9C6D-6EAC99648131}.Debug|x86.ActiveCfg = Debug|Any CPU
		{1FF2CAC4-62BB-45FB-9C6D-6EAC99648131}.Debug|x86.Build.0 = Debug|Any CPU
		{1FF2CAC4-62BB-45FB-9C6D-6EAC99648131}.Release|Any CPU.ActiveCfg = Release|Any CPU
		{1FF2CAC4-62BB-45FB-9C6D-6EAC99648131}.Release|Any CPU.Build.0 = Release|Any CPU
		{1FF2CAC4-62BB-45FB-9C6D-6EAC99648131}.Release|x64.ActiveCfg = Release|Any CPU
		{1FF2CAC4-62BB-45FB-9C6D-6EAC99648131}.Release|x64.Build.0 = Release|Any CPU
		{1FF2CAC4-62BB-45FB-9C6D-6EAC99648131}.Release|x86.ActiveCfg = Release|Any CPU
		{1FF2CAC4-62BB-45FB-9C6D-6EAC99648131}.Release|x86.Build.0 = Release|Any CPU
		{28F1A5CE-FF05-4EF1-8EBD-B0E153D220A2}.Debug|Any CPU.ActiveCfg = Debug|Any CPU
		{28F1A5CE-FF05-4EF1-8EBD-B0E153D220A2}.Debug|Any CPU.Build.0 = Debug|Any CPU
		{28F1A5CE-FF05-4EF1-8EBD-B0E153D220A2}.Debug|x64.ActiveCfg = Debug|Any CPU
		{28F1A5CE-FF05-4EF1-8EBD-B0E153D220A2}.Debug|x64.Build.0 = Debug|Any CPU
		{28F1A5CE-FF05-4EF1-8EBD-B0E153D220A2}.Debug|x86.ActiveCfg = Debug|Any CPU
		{28F1A5CE-FF05-4EF1-8EBD-B0E153D220A2}.Debug|x86.Build.0 = Debug|Any CPU
		{28F1A5CE-FF05-4EF1-8EBD-B0E153D220A2}.Release|Any CPU.ActiveCfg = Release|Any CPU
		{28F1A5CE-FF05-4EF1-8EBD-B0E153D220A2}.Release|Any CPU.Build.0 = Release|Any CPU
		{28F1A5CE-FF05-4EF1-8EBD-B0E153D220A2}.Release|x64.ActiveCfg = Release|Any CPU
		{28F1A5CE-FF05-4EF1-8EBD-B0E153D220A2}.Release|x64.Build.0 = Release|Any CPU
		{28F1A5CE-FF05-4EF1-8EBD-B0E153D220A2}.Release|x86.ActiveCfg = Release|Any CPU
		{28F1A5CE-FF05-4EF1-8EBD-B0E153D220A2}.Release|x86.Build.0 = Release|Any CPU
		{32E5DA7D-DA1D-445C-91FA-1A4A41D3CD42}.Debug|Any CPU.ActiveCfg = Debug|Any CPU
		{32E5DA7D-DA1D-445C-91FA-1A4A41D3CD42}.Debug|Any CPU.Build.0 = Debug|Any CPU
		{32E5DA7D-DA1D-445C-91FA-1A4A41D3CD42}.Debug|x64.ActiveCfg = Debug|Any CPU
		{32E5DA7D-DA1D-445C-91FA-1A4A41D3CD42}.Debug|x64.Build.0 = Debug|Any CPU
		{32E5DA7D-DA1D-445C-91FA-1A4A41D3CD42}.Debug|x86.ActiveCfg = Debug|Any CPU
		{32E5DA7D-DA1D-445C-91FA-1A4A41D3CD42}.Debug|x86.Build.0 = Debug|Any CPU
		{32E5DA7D-DA1D-445C-91FA-1A4A41D3CD42}.Release|Any CPU.ActiveCfg = Release|Any CPU
		{32E5DA7D-DA1D-445C-91FA-1A4A41D3CD42}.Release|Any CPU.Build.0 = Release|Any CPU
		{32E5DA7D-DA1D-445C-91FA-1A4A41D3CD42}.Release|x64.ActiveCfg = Release|Any CPU
		{32E5DA7D-DA1D-445C-91FA-1A4A41D3CD42}.Release|x64.Build.0 = Release|Any CPU
		{32E5DA7D-DA1D-445C-91FA-1A4A41D3CD42}.Release|x86.ActiveCfg = Release|Any CPU
		{32E5DA7D-DA1D-445C-91FA-1A4A41D3CD42}.Release|x86.Build.0 = Release|Any CPU
		{000A3C0A-ADA9-4276-A46D-5CE88A01A9C8}.Debug|Any CPU.ActiveCfg = Debug|Any CPU
		{000A3C0A-ADA9-4276-A46D-5CE88A01A9C8}.Debug|Any CPU.Build.0 = Debug|Any CPU
		{000A3C0A-ADA9-4276-A46D-5CE88A01A9C8}.Debug|x64.ActiveCfg = Debug|Any CPU
		{000A3C0A-ADA9-4276-A46D-5CE88A01A9C8}.Debug|x64.Build.0 = Debug|Any CPU
		{000A3C0A-ADA9-4276-A46D-5CE88A01A9C8}.Debug|x86.ActiveCfg = Debug|Any CPU
		{000A3C0A-ADA9-4276-A46D-5CE88A01A9C8}.Debug|x86.Build.0 = Debug|Any CPU
		{000A3C0A-ADA9-4276-A46D-5CE88A01A9C8}.Release|Any CPU.ActiveCfg = Release|Any CPU
		{000A3C0A-ADA9-4276-A46D-5CE88A01A9C8}.Release|Any CPU.Build.0 = Release|Any CPU
		{000A3C0A-ADA9-4276-A46D-5CE88A01A9C8}.Release|x64.ActiveCfg = Release|Any CPU
		{000A3C0A-ADA9-4276-A46D-5CE88A01A9C8}.Release|x64.Build.0 = Release|Any CPU
		{000A3C0A-ADA9-4276-A46D-5CE88A01A9C8}.Release|x86.ActiveCfg = Release|Any CPU
		{000A3C0A-ADA9-4276-A46D-5CE88A01A9C8}.Release|x86.Build.0 = Release|Any CPU
		{8412D0F1-D002-438A-9B0A-9CD75393C73B}.Debug|Any CPU.ActiveCfg = Debug|Any CPU
		{8412D0F1-D002-438A-9B0A-9CD75393C73B}.Debug|Any CPU.Build.0 = Debug|Any CPU
		{8412D0F1-D002-438A-9B0A-9CD75393C73B}.Debug|x64.ActiveCfg = Debug|Any CPU
		{8412D0F1-D002-438A-9B0A-9CD75393C73B}.Debug|x64.Build.0 = Debug|Any CPU
		{8412D0F1-D002-438A-9B0A-9CD75393C73B}.Debug|x86.ActiveCfg = Debug|Any CPU
		{8412D0F1-D002-438A-9B0A-9CD75393C73B}.Debug|x86.Build.0 = Debug|Any CPU
		{8412D0F1-D002-438A-9B0A-9CD75393C73B}.Release|Any CPU.ActiveCfg = Release|Any CPU
		{8412D0F1-D002-438A-9B0A-9CD75393C73B}.Release|Any CPU.Build.0 = Release|Any CPU
		{8412D0F1-D002-438A-9B0A-9CD75393C73B}.Release|x64.ActiveCfg = Release|Any CPU
		{8412D0F1-D002-438A-9B0A-9CD75393C73B}.Release|x64.Build.0 = Release|Any CPU
		{8412D0F1-D002-438A-9B0A-9CD75393C73B}.Release|x86.ActiveCfg = Release|Any CPU
		{8412D0F1-D002-438A-9B0A-9CD75393C73B}.Release|x86.Build.0 = Release|Any CPU
	EndGlobalSection
	GlobalSection(SolutionProperties) = preSolution
		HideSolutionNode = FALSE
	EndGlobalSection
	GlobalSection(NestedProjects) = preSolution
		{15B1B0F7-6744-4926-BE00-15612EBFC74C} = {827E0CD3-B72D-47B6-A68D-7590B98EB39B}
		{1FF2CAC4-62BB-45FB-9C6D-6EAC99648131} = {827E0CD3-B72D-47B6-A68D-7590B98EB39B}
		{28F1A5CE-FF05-4EF1-8EBD-B0E153D220A2} = {827E0CD3-B72D-47B6-A68D-7590B98EB39B}
		{32E5DA7D-DA1D-445C-91FA-1A4A41D3CD42} = {827E0CD3-B72D-47B6-A68D-7590B98EB39B}
		{000A3C0A-ADA9-4276-A46D-5CE88A01A9C8} = {0AB3BF05-4346-4AA6-1389-037BE0695223}
		{8412D0F1-D002-438A-9B0A-9CD75393C73B} = {0AB3BF05-4346-4AA6-1389-037BE0695223}
	EndGlobalSection
EndGlobal
